
Microsoft Visual Studio Solution File, Format Version 12.00
# Visual Studio Version 16
VisualStudioVersion = 16.0.31205.134
MinimumVisualStudioVersion = 10.0.40219.1
Project("{8BC9CEB8-8B4A-11D0-8D11-00A0C91BC942}") = "cppFPS", "cppFPS\cppFPS.vcxproj", "{2DD20355-85ED-4790-A627-7F0E5357D12E}"
EndProject
Global
	GlobalSection(SolutionConfigurationPlatforms) = preSolution
		Debug|x64 = Debug|x64
		Debug|x86 = Debug|x86
		Release|x64 = Release|x64
		Release|x86 = Release|x86
	EndGlobalSection
	GlobalSection(ProjectConfigurationPlatforms) = postSolution
		{2DD20355-85ED-4790-A627-7F0E5357D12E}.Debug|x64.ActiveCfg = Debug|x64
		{2DD20355-85ED-4790-A627-7F0E5357D12E}.Debug|x64.Build.0 = Debug|x64
		{2DD20355-85ED-4790-A627-7F0E5357D12E}.Debug|x86.ActiveCfg = Debug|Win32
		{2DD20355-85ED-4790-A627-7F0E5357D12E}.Debug|x86.Build.0 = Debug|Win32
		{2DD20355-85ED-4790-A627-7F0E5357D12E}.Release|x64.ActiveCfg = Release|x64
		{2DD20355-85ED-4790-A627-7F0E5357D12E}.Release|x64.Build.0 = Release|x64
		{2DD20355-85ED-4790-A627-7F0E5357D12E}.Release|x86.ActiveCfg = Release|Win32
		{2DD20355-85ED-4790-A627-7F0E5357D12E}.Release|x86.Build.0 = Release|Win32
	EndGlobalSection
	GlobalSection(SolutionProperties) = preSolution
		HideSolutionNode = FALSE
	EndGlobalSection
	GlobalSection(ExtensibilityGlobals) = postSolution
		SolutionGuid = {1B5CE64B-18BF-4174-8247-723945A060B7}
	EndGlobalSection
EndGlobal
